
Microsoft Visual Studio Solution File, Format Version 12.00
# Visual Studio Version 17
VisualStudioVersion = 17.9.34701.34
MinimumVisualStudioVersion = 10.0.40219.1
Project("{FAE04EC0-301F-11D3-BF4B-00C04F79EFBC}") = "SkiittzsAntiGrinderCheese", "SkiittzsAntiGrinderCheese.csproj", "{5DD25C57-1F4B-4AD7-A09C-A7EE71A449C3}"
EndProject
Global
	GlobalSection(SolutionConfigurationPlatforms) = preSolution
		Debug|Any CPU = Debug|Any CPU
		Release|Any CPU = Release|Any CPU
	EndGlobalSection
	GlobalSection(ProjectConfigurationPlatforms) = postSolution
		{5DD25C57-1F4B-4AD7-A09C-A7EE71A449C3}.Debug|Any CPU.ActiveCfg = Debug|Any CPU
		{5DD25C57-1F4B-4AD7-A09C-A7EE71A449C3}.Debug|Any CPU.Build.0 = Debug|Any CPU
		{5DD25C57-1F4B-4AD7-A09C-A7EE71A449C3}.Release|Any CPU.ActiveCfg = Release|Any CPU
		{5DD25C57-1F4B-4AD7-A09C-A7EE71A449C3}.Release|Any CPU.Build.0 = Release|Any CPU
	EndGlobalSection
	GlobalSection(SolutionProperties) = preSolution
		HideSolutionNode = FALSE
	EndGlobalSection
	GlobalSection(ExtensibilityGlobals) = postSolution
		SolutionGuid = {804957CB-D2FC-423E-B2BB-6E3CB8BCD1A5}
	EndGlobalSection
EndGlobal
